// !$*UTF8*$!
{
	archiveVersion = 1;
	classes = {
	};
	objectVersion = 55;
	objects = {

/* Begin PBXBuildFile section */
		BA1004B927A208AB00659042 /* AppDelegate.swift in Sources */ = {isa = PBXBuildFile; fileRef = BA1004B827A208AB00659042 /* AppDelegate.swift */; };
		BA1004BD27A208AB00659042 /* ViewController.swift in Sources */ = {isa = PBXBuildFile; fileRef = BA1004BC27A208AB00659042 /* ViewController.swift */; };
		BA1004C027A208AB00659042 /* Main.storyboard in Resources */ = {isa = PBXBuildFile; fileRef = BA1004BE27A208AB00659042 /* Main.storyboard */; };
		BA1004C227A208AB00659042 /* Assets.xcassets in Resources */ = {isa = PBXBuildFile; fileRef = BA1004C127A208AB00659042 /* Assets.xcassets */; };
		BA1004C527A208AB00659042 /* LaunchScreen.storyboard in Resources */ = {isa = PBXBuildFile; fileRef = BA1004C327A208AB00659042 /* LaunchScreen.storyboard */; };
		BA1004D027A209C500659042 /* UIFont+DynamicHeight.swift in Sources */ = {isa = PBXBuildFile; fileRef = BA1004CF27A209C500659042 /* UIFont+DynamicHeight.swift */; };
		BA1004E427A20A3D00659042 /* Poppins-Medium.ttf in Resources */ = {isa = PBXBuildFile; fileRef = BA1004D227A20A3C00659042 /* Poppins-Medium.ttf */; };
		BA1004E527A20A3D00659042 /* Poppins-Black.ttf in Resources */ = {isa = PBXBuildFile; fileRef = BA1004D327A20A3C00659042 /* Poppins-Black.ttf */; };
		BA1004E627A20A3D00659042 /* Poppins-LightItalic.ttf in Resources */ = {isa = PBXBuildFile; fileRef = BA1004D427A20A3C00659042 /* Poppins-LightItalic.ttf */; };
		BA1004E727A20A3D00659042 /* Poppins-BlackItalic.ttf in Resources */ = {isa = PBXBuildFile; fileRef = BA1004D527A20A3D00659042 /* Poppins-BlackItalic.ttf */; };
		BA1004E827A20A3D00659042 /* Poppins-BoldItalic.ttf in Resources */ = {isa = PBXBuildFile; fileRef = BA1004D627A20A3D00659042 /* Poppins-BoldItalic.ttf */; };
		BA1004E927A20A3D00659042 /* Poppins-Bold.ttf in Resources */ = {isa = PBXBuildFile; fileRef = BA1004D727A20A3D00659042 /* Poppins-Bold.ttf */; };
		BA1004EA27A20A3D00659042 /* Poppins-SemiBold.ttf in Resources */ = {isa = PBXBuildFile; fileRef = BA1004D827A20A3D00659042 /* Poppins-SemiBold.ttf */; };
		BA1004EB27A20A3D00659042 /* Poppins-ThinItalic.ttf in Resources */ = {isa = PBXBuildFile; fileRef = BA1004D927A20A3D00659042 /* Poppins-ThinItalic.ttf */; };
		BA1004EC27A20A3D00659042 /* Poppins-MediumItalic.ttf in Resources */ = {isa = PBXBuildFile; fileRef = BA1004DA27A20A3D00659042 /* Poppins-MediumItalic.ttf */; };
		BA1004ED27A20A3D00659042 /* Poppins-ExtraBold.ttf in Resources */ = {isa = PBXBuildFile; fileRef = BA1004DB27A20A3D00659042 /* Poppins-ExtraBold.ttf */; };
		BA1004EE27A20A3D00659042 /* Poppins-Regular.ttf in Resources */ = {isa = PBXBuildFile; fileRef = BA1004DC27A20A3D00659042 /* Poppins-Regular.ttf */; };
		BA1004EF27A20A3D00659042 /* Poppins-Light.ttf in Resources */ = {isa = PBXBuildFile; fileRef = BA1004DD27A20A3D00659042 /* Poppins-Light.ttf */; };
		BA1004F027A20A3D00659042 /* Poppins-ExtraLightItalic.ttf in Resources */ = {isa = PBXBuildFile; fileRef = BA1004DE27A20A3D00659042 /* Poppins-ExtraLightItalic.ttf */; };
		BA1004F127A20A3D00659042 /* Poppins-Italic.ttf in Resources */ = {isa = PBXBuildFile; fileRef = BA1004DF27A20A3D00659042 /* Poppins-Italic.ttf */; };
		BA1004F227A20A3D00659042 /* Poppins-ExtraLight.ttf in Resources */ = {isa = PBXBuildFile; fileRef = BA1004E027A20A3D00659042 /* Poppins-ExtraLight.ttf */; };
		BA1004F327A20A3D00659042 /* Poppins-ExtraBoldItalic.ttf in Resources */ = {isa = PBXBuildFile; fileRef = BA1004E127A20A3D00659042 /* Poppins-ExtraBoldItalic.ttf */; };
		BA1004F427A20A3D00659042 /* Poppins-Thin.ttf in Resources */ = {isa = PBXBuildFile; fileRef = BA1004E227A20A3D00659042 /* Poppins-Thin.ttf */; };
		BA1004F527A20A3D00659042 /* Poppins-SemiBoldItalic.ttf in Resources */ = {isa = PBXBuildFile; fileRef = BA1004E327A20A3D00659042 /* Poppins-SemiBoldItalic.ttf */; };
		BA1004F727A2127100659042 /* SimpleTableViewController.swift in Sources */ = {isa = PBXBuildFile; fileRef = BA1004F627A2127100659042 /* SimpleTableViewController.swift */; };
		BA1004F927A212A100659042 /* ServiceManager.swift in Sources */ = {isa = PBXBuildFile; fileRef = BA1004F827A212A100659042 /* ServiceManager.swift */; };
		BA1004FB27A2136100659042 /* Comment.swift in Sources */ = {isa = PBXBuildFile; fileRef = BA1004FA27A2136100659042 /* Comment.swift */; };
		BA1004FD27A215DE00659042 /* Photo.swift in Sources */ = {isa = PBXBuildFile; fileRef = BA1004FC27A215DE00659042 /* Photo.swift */; };
		BA1004FF27A2178600659042 /* SimpleCell.swift in Sources */ = {isa = PBXBuildFile; fileRef = BA1004FE27A2178600659042 /* SimpleCell.swift */; };
		BA10050127A21B1900659042 /* DoubleTableViewController.swift in Sources */ = {isa = PBXBuildFile; fileRef = BA10050027A21B1900659042 /* DoubleTableViewController.swift */; };
		BA10050327A21BB900659042 /* DoubleCell.swift in Sources */ = {isa = PBXBuildFile; fileRef = BA10050227A21BB900659042 /* DoubleCell.swift */; };
		BA10050527A21CF000659042 /* ComplexTableViewController.swift in Sources */ = {isa = PBXBuildFile; fileRef = BA10050427A21CF000659042 /* ComplexTableViewController.swift */; };
		BA10050727A21D4A00659042 /* ComplexCell.swift in Sources */ = {isa = PBXBuildFile; fileRef = BA10050627A21D4A00659042 /* ComplexCell.swift */; };
		BA10050927A221CD00659042 /* UIImage+CreateThumbnail.swift in Sources */ = {isa = PBXBuildFile; fileRef = BA10050827A221CD00659042 /* UIImage+CreateThumbnail.swift */; };
/* End PBXBuildFile section */

/* Begin PBXFileReference section */
		BA1004B527A208AB00659042 /* UsingDynamicFontSizes.app */ = {isa = PBXFileReference; explicitFileType = wrapper.application; includeInIndex = 0; path = UsingDynamicFontSizes.app; sourceTree = BUILT_PRODUCTS_DIR; };
		BA1004B827A208AB00659042 /* AppDelegate.swift */ = {isa = PBXFileReference; lastKnownFileType = sourcecode.swift; path = AppDelegate.swift; sourceTree = "<group>"; };
		BA1004BC27A208AB00659042 /* ViewController.swift */ = {isa = PBXFileReference; lastKnownFileType = sourcecode.swift; path = ViewController.swift; sourceTree = "<group>"; };
		BA1004BF27A208AB00659042 /* Base */ = {isa = PBXFileReference; lastKnownFileType = file.storyboard; name = Base; path = Base.lproj/Main.storyboard; sourceTree = "<group>"; };
		BA1004C127A208AB00659042 /* Assets.xcassets */ = {isa = PBXFileReference; lastKnownFileType = folder.assetcatalog; path = Assets.xcassets; sourceTree = "<group>"; };
		BA1004C427A208AB00659042 /* Base */ = {isa = PBXFileReference; lastKnownFileType = file.storyboard; name = Base; path = Base.lproj/LaunchScreen.storyboard; sourceTree = "<group>"; };
		BA1004C627A208AB00659042 /* Info.plist */ = {isa = PBXFileReference; lastKnownFileType = text.plist.xml; path = Info.plist; sourceTree = "<group>"; };
		BA1004CF27A209C500659042 /* UIFont+DynamicHeight.swift */ = {isa = PBXFileReference; lastKnownFileType = sourcecode.swift; path = "UIFont+DynamicHeight.swift"; sourceTree = "<group>"; };
		BA1004D227A20A3C00659042 /* Poppins-Medium.ttf */ = {isa = PBXFileReference; lastKnownFileType = file; path = "Poppins-Medium.ttf"; sourceTree = "<group>"; };
		BA1004D327A20A3C00659042 /* Poppins-Black.ttf */ = {isa = PBXFileReference; lastKnownFileType = file; path = "Poppins-Black.ttf"; sourceTree = "<group>"; };
		BA1004D427A20A3C00659042 /* Poppins-LightItalic.ttf */ = {isa = PBXFileReference; lastKnownFileType = file; path = "Poppins-LightItalic.ttf"; sourceTree = "<group>"; };
		BA1004D527A20A3D00659042 /* Poppins-BlackItalic.ttf */ = {isa = PBXFileReference; lastKnownFileType = file; path = "Poppins-BlackItalic.ttf"; sourceTree = "<group>"; };
		BA1004D627A20A3D00659042 /* Poppins-BoldItalic.ttf */ = {isa = PBXFileReference; lastKnownFileType = file; path = "Poppins-BoldItalic.ttf"; sourceTree = "<group>"; };
		BA1004D727A20A3D00659042 /* Poppins-Bold.ttf */ = {isa = PBXFileReference; lastKnownFileType = file; path = "Poppins-Bold.ttf"; sourceTree = "<group>"; };
		BA1004D827A20A3D00659042 /* Poppins-SemiBold.ttf */ = {isa = PBXFileReference; lastKnownFileType = file; path = "Poppins-SemiBold.ttf"; sourceTree = "<group>"; };
		BA1004D927A20A3D00659042 /* Poppins-ThinItalic.ttf */ = {isa = PBXFileReference; lastKnownFileType = file; path = "Poppins-ThinItalic.ttf"; sourceTree = "<group>"; };
		BA1004DA27A20A3D00659042 /* Poppins-MediumItalic.ttf */ = {isa = PBXFileReference; lastKnownFileType = file; path = "Poppins-MediumItalic.ttf"; sourceTree = "<group>"; };
		BA1004DB27A20A3D00659042 /* Poppins-ExtraBold.ttf */ = {isa = PBXFileReference; lastKnownFileType = file; path = "Poppins-ExtraBold.ttf"; sourceTree = "<group>"; };
		BA1004DC27A20A3D00659042 /* Poppins-Regular.ttf */ = {isa = PBXFileReference; lastKnownFileType = file; path = "Poppins-Regular.ttf"; sourceTree = "<group>"; };
		BA1004DD27A20A3D00659042 /* Poppins-Light.ttf */ = {isa = PBXFileReference; lastKnownFileType = file; path = "Poppins-Light.ttf"; sourceTree = "<group>"; };
		BA1004DE27A20A3D00659042 /* Poppins-ExtraLightItalic.ttf */ = {isa = PBXFileReference; lastKnownFileType = file; path = "Poppins-ExtraLightItalic.ttf"; sourceTree = "<group>"; };
		BA1004DF27A20A3D00659042 /* Poppins-Italic.ttf */ = {isa = PBXFileReference; lastKnownFileType = file; path = "Poppins-Italic.ttf"; sourceTree = "<group>"; };
		BA1004E027A20A3D00659042 /* Poppins-ExtraLight.ttf */ = {isa = PBXFileReference; lastKnownFileType = file; path = "Poppins-ExtraLight.ttf"; sourceTree = "<group>"; };
		BA1004E127A20A3D00659042 /* Poppins-ExtraBoldItalic.ttf */ = {isa = PBXFileReference; lastKnownFileType = file; path = "Poppins-ExtraBoldItalic.ttf"; sourceTree = "<group>"; };
		BA1004E227A20A3D00659042 /* Poppins-Thin.ttf */ = {isa = PBXFileReference; lastKnownFileType = file; path = "Poppins-Thin.ttf"; sourceTree = "<group>"; };
		BA1004E327A20A3D00659042 /* Poppins-SemiBoldItalic.ttf */ = {isa = PBXFileReference; lastKnownFileType = file; path = "Poppins-SemiBoldItalic.ttf"; sourceTree = "<group>"; };
		BA1004F627A2127100659042 /* SimpleTableViewController.swift */ = {isa = PBXFileReference; lastKnownFileType = sourcecode.swift; path = SimpleTableViewController.swift; sourceTree = "<group>"; };
		BA1004F827A212A100659042 /* ServiceManager.swift */ = {isa = PBXFileReference; lastKnownFileType = sourcecode.swift; path = ServiceManager.swift; sourceTree = "<group>"; };
		BA1004FA27A2136100659042 /* Comment.swift */ = {isa = PBXFileReference; lastKnownFileType = sourcecode.swift; path = Comment.swift; sourceTree = "<group>"; };
		BA1004FC27A215DE00659042 /* Photo.swift */ = {isa = PBXFileReference; lastKnownFileType = sourcecode.swift; path = Photo.swift; sourceTree = "<group>"; };
		BA1004FE27A2178600659042 /* SimpleCell.swift */ = {isa = PBXFileReference; lastKnownFileType = sourcecode.swift; path = SimpleCell.swift; sourceTree = "<group>"; };
		BA10050027A21B1900659042 /* DoubleTableViewController.swift */ = {isa = PBXFileReference; lastKnownFileType = sourcecode.swift; path = DoubleTableViewController.swift; sourceTree = "<group>"; };
		BA10050227A21BB900659042 /* DoubleCell.swift */ = {isa = PBXFileReference; lastKnownFileType = sourcecode.swift; path = DoubleCell.swift; sourceTree = "<group>"; };
		BA10050427A21CF000659042 /* ComplexTableViewController.swift */ = {isa = PBXFileReference; lastKnownFileType = sourcecode.swift; path = ComplexTableViewController.swift; sourceTree = "<group>"; };
		BA10050627A21D4A00659042 /* ComplexCell.swift */ = {isa = PBXFileReference; lastKnownFileType = sourcecode.swift; path = ComplexCell.swift; sourceTree = "<group>"; };
		BA10050827A221CD00659042 /* UIImage+CreateThumbnail.swift */ = {isa = PBXFileReference; lastKnownFileType = sourcecode.swift; path = "UIImage+CreateThumbnail.swift"; sourceTree = "<group>"; };
		BA73BDB127A22AE700127AAA /* README.md */ = {isa = PBXFileReference; lastKnownFileType = net.daringfireball.markdown; path = README.md; sourceTree = "<group>"; };
/* End PBXFileReference section */

/* Begin PBXFrameworksBuildPhase section */
		BA1004B227A208AB00659042 /* Frameworks */ = {
			isa = PBXFrameworksBuildPhase;
			buildActionMask = 2147483647;
			files = (
			);
			runOnlyForDeploymentPostprocessing = 0;
		};
/* End PBXFrameworksBuildPhase section */

/* Begin PBXGroup section */
		BA1004AC27A208AB00659042 = {
			isa = PBXGroup;
			children = (
				BA1004B727A208AB00659042 /* UsingDynamicFontSizes */,
				BA1004B627A208AB00659042 /* Products */,
			);
			sourceTree = "<group>";
		};
		BA1004B627A208AB00659042 /* Products */ = {
			isa = PBXGroup;
			children = (
				BA1004B527A208AB00659042 /* UsingDynamicFontSizes.app */,
			);
			name = Products;
			sourceTree = "<group>";
		};
		BA1004B727A208AB00659042 /* UsingDynamicFontSizes */ = {
			isa = PBXGroup;
			children = (
				BA1004D127A20A1600659042 /* Poppins */,
				BA1004CE27A2093700659042 /* ComplexTableView */,
				BA1004CD27A2092F00659042 /* DoubleTableView */,
				BA1004CC27A2091F00659042 /* SimpleTableView */,
				BA1004B827A208AB00659042 /* AppDelegate.swift */,
				BA1004BC27A208AB00659042 /* ViewController.swift */,
				BA1004BE27A208AB00659042 /* Main.storyboard */,
				BA1004C127A208AB00659042 /* Assets.xcassets */,
				BA1004C327A208AB00659042 /* LaunchScreen.storyboard */,
				BA1004C627A208AB00659042 /* Info.plist */,
				BA1004CF27A209C500659042 /* UIFont+DynamicHeight.swift */,
				BA1004F827A212A100659042 /* ServiceManager.swift */,
				BA1004FA27A2136100659042 /* Comment.swift */,
				BA1004FC27A215DE00659042 /* Photo.swift */,
				BA10050827A221CD00659042 /* UIImage+CreateThumbnail.swift */,
				BA73BDB127A22AE700127AAA /* README.md */,
			);
			path = UsingDynamicFontSizes;
			sourceTree = "<group>";
		};
		BA1004CC27A2091F00659042 /* SimpleTableView */ = {
			isa = PBXGroup;
			children = (
				BA1004F627A2127100659042 /* SimpleTableViewController.swift */,
				BA1004FE27A2178600659042 /* SimpleCell.swift */,
			);
			path = SimpleTableView;
			sourceTree = "<group>";
		};
		BA1004CD27A2092F00659042 /* DoubleTableView */ = {
			isa = PBXGroup;
			children = (
				BA10050027A21B1900659042 /* DoubleTableViewController.swift */,
				BA10050227A21BB900659042 /* DoubleCell.swift */,
			);
			path = DoubleTableView;
			sourceTree = "<group>";
		};
		BA1004CE27A2093700659042 /* ComplexTableView */ = {
			isa = PBXGroup;
			children = (
				BA10050427A21CF000659042 /* ComplexTableViewController.swift */,
				BA10050627A21D4A00659042 /* ComplexCell.swift */,
			);
			path = ComplexTableView;
			sourceTree = "<group>";
		};
		BA1004D127A20A1600659042 /* Poppins */ = {
			isa = PBXGroup;
			children = (
				BA1004D327A20A3C00659042 /* Poppins-Black.ttf */,
				BA1004D527A20A3D00659042 /* Poppins-BlackItalic.ttf */,
				BA1004D727A20A3D00659042 /* Poppins-Bold.ttf */,
				BA1004D627A20A3D00659042 /* Poppins-BoldItalic.ttf */,
				BA1004DB27A20A3D00659042 /* Poppins-ExtraBold.ttf */,
				BA1004E127A20A3D00659042 /* Poppins-ExtraBoldItalic.ttf */,
				BA1004E027A20A3D00659042 /* Poppins-ExtraLight.ttf */,
				BA1004DE27A20A3D00659042 /* Poppins-ExtraLightItalic.ttf */,
				BA1004DF27A20A3D00659042 /* Poppins-Italic.ttf */,
				BA1004DD27A20A3D00659042 /* Poppins-Light.ttf */,
				BA1004D427A20A3C00659042 /* Poppins-LightItalic.ttf */,
				BA1004D227A20A3C00659042 /* Poppins-Medium.ttf */,
				BA1004DA27A20A3D00659042 /* Poppins-MediumItalic.ttf */,
				BA1004DC27A20A3D00659042 /* Poppins-Regular.ttf */,
				BA1004D827A20A3D00659042 /* Poppins-SemiBold.ttf */,
				BA1004E327A20A3D00659042 /* Poppins-SemiBoldItalic.ttf */,
				BA1004E227A20A3D00659042 /* Poppins-Thin.ttf */,
				BA1004D927A20A3D00659042 /* Poppins-ThinItalic.ttf */,
			);
			path = Poppins;
			sourceTree = "<group>";
		};
/* End PBXGroup section */

/* Begin PBXNativeTarget section */
		BA1004B427A208AB00659042 /* UsingDynamicFontSizes */ = {
			isa = PBXNativeTarget;
			buildConfigurationList = BA1004C927A208AB00659042 /* Build configuration list for PBXNativeTarget "UsingDynamicFontSizes" */;
			buildPhases = (
				BA1004B127A208AB00659042 /* Sources */,
				BA1004B227A208AB00659042 /* Frameworks */,
				BA1004B327A208AB00659042 /* Resources */,
			);
			buildRules = (
			);
			dependencies = (
			);
			name = UsingDynamicFontSizes;
			productName = UsingDynamicFontSizes;
			productReference = BA1004B527A208AB00659042 /* UsingDynamicFontSizes.app */;
			productType = "com.apple.product-type.application";
		};
/* End PBXNativeTarget section */

/* Begin PBXProject section */
		BA1004AD27A208AB00659042 /* Project object */ = {
			isa = PBXProject;
			attributes = {
				BuildIndependentTargetsInParallel = 1;
				LastSwiftUpdateCheck = 1320;
				LastUpgradeCheck = 1320;
				TargetAttributes = {
					BA1004B427A208AB00659042 = {
						CreatedOnToolsVersion = 13.2.1;
					};
				};
			};
			buildConfigurationList = BA1004B027A208AB00659042 /* Build configuration list for PBXProject "UsingDynamicFontSizes" */;
			compatibilityVersion = "Xcode 13.0";
			developmentRegion = en;
			hasScannedForEncodings = 0;
			knownRegions = (
				en,
				Base,
			);
			mainGroup = BA1004AC27A208AB00659042;
			productRefGroup = BA1004B627A208AB00659042 /* Products */;
			projectDirPath = "";
			projectRoot = "";
			targets = (
				BA1004B427A208AB00659042 /* UsingDynamicFontSizes */,
			);
		};
/* End PBXProject section */

/* Begin PBXResourcesBuildPhase section */
		BA1004B327A208AB00659042 /* Resources */ = {
			isa = PBXResourcesBuildPhase;
			buildActionMask = 2147483647;
			files = (
				BA1004F027A20A3D00659042 /* Poppins-ExtraLightItalic.ttf in Resources */,
				BA1004F127A20A3D00659042 /* Poppins-Italic.ttf in Resources */,
				BA1004C527A208AB00659042 /* LaunchScreen.storyboard in Resources */,
				BA1004EF27A20A3D00659042 /* Poppins-Light.ttf in Resources */,
				BA1004EC27A20A3D00659042 /* Poppins-MediumItalic.ttf in Resources */,
				BA1004E927A20A3D00659042 /* Poppins-Bold.ttf in Resources */,
				BA1004E727A20A3D00659042 /* Poppins-BlackItalic.ttf in Resources */,
				BA1004EB27A20A3D00659042 /* Poppins-ThinItalic.ttf in Resources */,
				BA1004E627A20A3D00659042 /* Poppins-LightItalic.ttf in Resources */,
				BA1004F427A20A3D00659042 /* Poppins-Thin.ttf in Resources */,
				BA1004E427A20A3D00659042 /* Poppins-Medium.ttf in Resources */,
				BA1004EA27A20A3D00659042 /* Poppins-SemiBold.ttf in Resources */,
				BA1004C227A208AB00659042 /* Assets.xcassets in Resources */,
				BA1004F227A20A3D00659042 /* Poppins-ExtraLight.ttf in Resources */,
				BA1004F327A20A3D00659042 /* Poppins-ExtraBoldItalic.ttf in Resources */,
				BA1004EE27A20A3D00659042 /* Poppins-Regular.ttf in Resources */,
				BA1004C027A208AB00659042 /* Main.storyboard in Resources */,
				BA1004F527A20A3D00659042 /* Poppins-SemiBoldItalic.ttf in Resources */,
				BA1004E527A20A3D00659042 /* Poppins-Black.ttf in Resources */,
				BA1004E827A20A3D00659042 /* Poppins-BoldItalic.ttf in Resources */,
				BA1004ED27A20A3D00659042 /* Poppins-ExtraBold.ttf in Resources */,
			);
			runOnlyForDeploymentPostprocessing = 0;
		};
/* End PBXResourcesBuildPhase section */

/* Begin PBXSourcesBuildPhase section */
		BA1004B127A208AB00659042 /* Sources */ = {
			isa = PBXSourcesBuildPhase;
			buildActionMask = 2147483647;
			files = (
				BA10050727A21D4A00659042 /* ComplexCell.swift in Sources */,
				BA1004FD27A215DE00659042 /* Photo.swift in Sources */,
				BA10050527A21CF000659042 /* ComplexTableViewController.swift in Sources */,
				BA10050127A21B1900659042 /* DoubleTableViewController.swift in Sources */,
				BA10050327A21BB900659042 /* DoubleCell.swift in Sources */,
				BA1004BD27A208AB00659042 /* ViewController.swift in Sources */,
				BA1004FB27A2136100659042 /* Comment.swift in Sources */,
				BA10050927A221CD00659042 /* UIImage+CreateThumbnail.swift in Sources */,
				BA1004D027A209C500659042 /* UIFont+DynamicHeight.swift in Sources */,
				BA1004B927A208AB00659042 /* AppDelegate.swift in Sources */,
				BA1004FF27A2178600659042 /* SimpleCell.swift in Sources */,
				BA1004F727A2127100659042 /* SimpleTableViewController.swift in Sources */,
				BA1004F927A212A100659042 /* ServiceManager.swift in Sources */,
			);
			runOnlyForDeploymentPostprocessing = 0;
		};
/* End PBXSourcesBuildPhase section */

/* Begin PBXVariantGroup section */
		BA1004BE27A208AB00659042 /* Main.storyboard */ = {
			isa = PBXVariantGroup;
			children = (
				BA1004BF27A208AB00659042 /* Base */,
			);
			name = Main.storyboard;
			sourceTree = "<group>";
		};
		BA1004C327A208AB00659042 /* LaunchScreen.storyboard */ = {
			isa = PBXVariantGroup;
			children = (
				BA1004C427A208AB00659042 /* Base */,
			);
			name = LaunchScreen.storyboard;
			sourceTree = "<group>";
		};
/* End PBXVariantGroup section */

/* Begin XCBuildConfiguration section */
		BA1004C727A208AB00659042 /* Debug */ = {
			isa = XCBuildConfiguration;
			buildSettings = {
				ALWAYS_SEARCH_USER_PATHS = NO;
				CLANG_ANALYZER_NONNULL = YES;
				CLANG_ANALYZER_NUMBER_OBJECT_CONVERSION = YES_AGGRESSIVE;
				CLANG_CXX_LANGUAGE_STANDARD = "gnu++17";
				CLANG_CXX_LIBRARY = "libc++";
				CLANG_ENABLE_MODULES = YES;
				CLANG_ENABLE_OBJC_ARC = YES;
				CLANG_ENABLE_OBJC_WEAK = YES;
				CLANG_WARN_BLOCK_CAPTURE_AUTORELEASING = YES;
				CLANG_WARN_BOOL_CONVERSION = YES;
				CLANG_WARN_COMMA = YES;
				CLANG_WARN_CONSTANT_CONVERSION = YES;
				CLANG_WARN_DEPRECATED_OBJC_IMPLEMENTATIONS = YES;
				CLANG_WARN_DIRECT_OBJC_ISA_USAGE = YES_ERROR;
				CLANG_WARN_DOCUMENTATION_COMMENTS = YES;
				CLANG_WARN_EMPTY_BODY = YES;
				CLANG_WARN_ENUM_CONVERSION = YES;
				CLANG_WARN_INFINITE_RECURSION = YES;
				CLANG_WARN_INT_CONVERSION = YES;
				CLANG_WARN_NON_LITERAL_NULL_CONVERSION = YES;
				CLANG_WARN_OBJC_IMPLICIT_RETAIN_SELF = YES;
				CLANG_WARN_OBJC_LITERAL_CONVERSION = YES;
				CLANG_WARN_OBJC_ROOT_CLASS = YES_ERROR;
				CLANG_WARN_QUOTED_INCLUDE_IN_FRAMEWORK_HEADER = YES;
				CLANG_WARN_RANGE_LOOP_ANALYSIS = YES;
				CLANG_WARN_STRICT_PROTOTYPES = YES;
				CLANG_WARN_SUSPICIOUS_MOVE = YES;
				CLANG_WARN_UNGUARDED_AVAILABILITY = YES_AGGRESSIVE;
				CLANG_WARN_UNREACHABLE_CODE = YES;
				CLANG_WARN__DUPLICATE_METHOD_MATCH = YES;
				COPY_PHASE_STRIP = NO;
				DEBUG_INFORMATION_FORMAT = dwarf;
				ENABLE_STRICT_OBJC_MSGSEND = YES;
				ENABLE_TESTABILITY = YES;
				GCC_C_LANGUAGE_STANDARD = gnu11;
				GCC_DYNAMIC_NO_PIC = NO;
				GCC_NO_COMMON_BLOCKS = YES;
				GCC_OPTIMIZATION_LEVEL = 0;
				GCC_PREPROCESSOR_DEFINITIONS = (
					"DEBUG=1",
					"$(inherited)",
				);
				GCC_WARN_64_TO_32_BIT_CONVERSION = YES;
				GCC_WARN_ABOUT_RETURN_TYPE = YES_ERROR;
				GCC_WARN_UNDECLARED_SELECTOR = YES;
				GCC_WARN_UNINITIALIZED_AUTOS = YES_AGGRESSIVE;
				GCC_WARN_UNUSED_FUNCTION = YES;
				GCC_WARN_UNUSED_VARIABLE = YES;
				IPHONEOS_DEPLOYMENT_TARGET = 15.2;
				MTL_ENABLE_DEBUG_INFO = INCLUDE_SOURCE;
				MTL_FAST_MATH = YES;
				ONLY_ACTIVE_ARCH = YES;
				SDKROOT = iphoneos;
				SWIFT_ACTIVE_COMPILATION_CONDITIONS = DEBUG;
				SWIFT_OPTIMIZATION_LEVEL = "-Onone";
			};
			name = Debug;
		};
		BA1004C827A208AB00659042 /* Release */ = {
			isa = XCBuildConfiguration;
			buildSettings = {
				ALWAYS_SEARCH_USER_PATHS = NO;
				CLANG_ANALYZER_NONNULL = YES;
				CLANG_ANALYZER_NUMBER_OBJECT_CONVERSION = YES_AGGRESSIVE;
				CLANG_CXX_LANGUAGE_STANDARD = "gnu++17";
				CLANG_CXX_LIBRARY = "libc++";
				CLANG_ENABLE_MODULES = YES;
				CLANG_ENABLE_OBJC_ARC = YES;
				CLANG_ENABLE_OBJC_WEAK = YES;
				CLANG_WARN_BLOCK_CAPTURE_AUTORELEASING = YES;
				CLANG_WARN_BOOL_CONVERSION = YES;
				CLANG_WARN_COMMA = YES;
				CLANG_WARN_CONSTANT_CONVERSION = YES;
				CLANG_WARN_DEPRECATED_OBJC_IMPLEMENTATIONS = YES;
				CLANG_WARN_DIRECT_OBJC_ISA_USAGE = YES_ERROR;
				CLANG_WARN_DOCUMENTATION_COMMENTS = YES;
				CLANG_WARN_EMPTY_BODY = YES;
				CLANG_WARN_ENUM_CONVERSION = YES;
				CLANG_WARN_INFINITE_RECURSION = YES;
				CLANG_WARN_INT_CONVERSION = YES;
				CLANG_WARN_NON_LITERAL_NULL_CONVERSION = YES;
				CLANG_WARN_OBJC_IMPLICIT_RETAIN_SELF = YES;
				CLANG_WARN_OBJC_LITERAL_CONVERSION = YES;
				CLANG_WARN_OBJC_ROOT_CLASS = YES_ERROR;
				CLANG_WARN_QUOTED_INCLUDE_IN_FRAMEWORK_HEADER = YES;
				CLANG_WARN_RANGE_LOOP_ANALYSIS = YES;
				CLANG_WARN_STRICT_PROTOTYPES = YES;
				CLANG_WARN_SUSPICIOUS_MOVE = YES;
				CLANG_WARN_UNGUARDED_AVAILABILITY = YES_AGGRESSIVE;
				CLANG_WARN_UNREACHABLE_CODE = YES;
				CLANG_WARN__DUPLICATE_METHOD_MATCH = YES;
				COPY_PHASE_STRIP = NO;
				DEBUG_INFORMATION_FORMAT = "dwarf-with-dsym";
				ENABLE_NS_ASSERTIONS = NO;
				ENABLE_STRICT_OBJC_MSGSEND = YES;
				GCC_C_LANGUAGE_STANDARD = gnu11;
				GCC_NO_COMMON_BLOCKS = YES;
				GCC_WARN_64_TO_32_BIT_CONVERSION = YES;
				GCC_WARN_ABOUT_RETURN_TYPE = YES_ERROR;
				GCC_WARN_UNDECLARED_SELECTOR = YES;
				GCC_WARN_UNINITIALIZED_AUTOS = YES_AGGRESSIVE;
				GCC_WARN_UNUSED_FUNCTION = YES;
				GCC_WARN_UNUSED_VARIABLE = YES;
				IPHONEOS_DEPLOYMENT_TARGET = 15.2;
				MTL_ENABLE_DEBUG_INFO = NO;
				MTL_FAST_MATH = YES;
				SDKROOT = iphoneos;
				SWIFT_COMPILATION_MODE = wholemodule;
				SWIFT_OPTIMIZATION_LEVEL = "-O";
				VALIDATE_PRODUCT = YES;
			};
			name = Release;
		};
		BA1004CA27A208AB00659042 /* Debug */ = {
			isa = XCBuildConfiguration;
			buildSettings = {
				ASSETCATALOG_COMPILER_APPICON_NAME = AppIcon;
				ASSETCATALOG_COMPILER_GLOBAL_ACCENT_COLOR_NAME = AccentColor;
				CODE_SIGN_STYLE = Automatic;
				CURRENT_PROJECT_VERSION = 1;
				DEVELOPMENT_TEAM = 7QNLA2YVU8;
				GENERATE_INFOPLIST_FILE = YES;
				INFOPLIST_FILE = UsingDynamicFontSizes/Info.plist;
				INFOPLIST_KEY_UIApplicationSupportsIndirectInputEvents = YES;
				INFOPLIST_KEY_UILaunchStoryboardName = LaunchScreen;
				INFOPLIST_KEY_UISupportedInterfaceOrientations_iPad = "UIInterfaceOrientationPortrait UIInterfaceOrientationPortraitUpsideDown UIInterfaceOrientationLandscapeLeft UIInterfaceOrientationLandscapeRight";
				INFOPLIST_KEY_UISupportedInterfaceOrientations_iPhone = "UIInterfaceOrientationPortrait UIInterfaceOrientationLandscapeLeft UIInterfaceOrientationLandscapeRight";
				IPHONEOS_DEPLOYMENT_TARGET = 12.0;
				LD_RUNPATH_SEARCH_PATHS = (
					"$(inherited)",
					"@executable_path/Frameworks",
				);
				MARKETING_VERSION = 1.0;
				PRODUCT_BUNDLE_IDENTIFIER = com.andynadal.UsingDynamicFontSizes;
				PRODUCT_NAME = "$(TARGET_NAME)";
				SWIFT_EMIT_LOC_STRINGS = YES;
				SWIFT_VERSION = 5.0;
				TARGETED_DEVICE_FAMILY = "1,2";
			};
			name = Debug;
		};
		BA1004CB27A208AB00659042 /* Release */ = {
			isa = XCBuildConfiguration;
			buildSettings = {
				ASSETCATALOG_COMPILER_APPICON_NAME = AppIcon;
				ASSETCATALOG_COMPILER_GLOBAL_ACCENT_COLOR_NAME = AccentColor;
				CODE_SIGN_STYLE = Automatic;
				CURRENT_PROJECT_VERSION = 1;
				DEVELOPMENT_TEAM = 7QNLA2YVU8;
				GENERATE_INFOPLIST_FILE = YES;
				INFOPLIST_FILE = UsingDynamicFontSizes/Info.plist;
				INFOPLIST_KEY_UIApplicationSupportsIndirectInputEvents = YES;
				INFOPLIST_KEY_UILaunchStoryboardName = LaunchScreen;
				INFOPLIST_KEY_UISupportedInterfaceOrientations_iPad = "UIInterfaceOrientationPortrait UIInterfaceOrientationPortraitUpsideDown UIInterfaceOrientationLandscapeLeft UIInterfaceOrientationLandscapeRight";
				INFOPLIST_KEY_UISupportedInterfaceOrientations_iPhone = "UIInterfaceOrientationPortrait UIInterfaceOrientationLandscapeLeft UIInterfaceOrientationLandscapeRight";
				IPHONEOS_DEPLOYMENT_TARGET = 12.0;
				LD_RUNPATH_SEARCH_PATHS = (
					"$(inherited)",
					"@executable_path/Frameworks",
				);
				MARKETING_VERSION = 1.0;
				PRODUCT_BUNDLE_IDENTIFIER = com.andynadal.UsingDynamicFontSizes;
				PRODUCT_NAME = "$(TARGET_NAME)";
				SWIFT_EMIT_LOC_STRINGS = YES;
				SWIFT_VERSION = 5.0;
				TARGETED_DEVICE_FAMILY = "1,2";
			};
			name = Release;
		};
/* End XCBuildConfiguration section */

/* Begin XCConfigurationList section */
		BA1004B027A208AB00659042 /* Build configuration list for PBXProject "UsingDynamicFontSizes" */ = {
			isa = XCConfigurationList;
			buildConfigurations = (
				BA1004C727A208AB00659042 /* Debug */,
				BA1004C827A208AB00659042 /* Release */,
			);
			defaultConfigurationIsVisible = 0;
			defaultConfigurationName = Release;
		};
		BA1004C927A208AB00659042 /* Build configuration list for PBXNativeTarget "UsingDynamicFontSizes" */ = {
			isa = XCConfigurationList;
			buildConfigurations = (
				BA1004CA27A208AB00659042 /* Debug */,
				BA1004CB27A208AB00659042 /* Release */,
			);
			defaultConfigurationIsVisible = 0;
			defaultConfigurationName = Release;
		};
/* End XCConfigurationList section */
	};
	rootObject = BA1004AD27A208AB00659042 /* Project object */;
}
